// !$*UTF8*$!
{
	archiveVersion = 1;
	classes = {
	};
	objectVersion = 56;
	objects = {

/* Begin PBXBuildFile section */
		19A59501292D0FDE00273BEE /* AppDelegate.swift in Sources */ = {isa = PBXBuildFile; fileRef = 19A59500292D0FDE00273BEE /* AppDelegate.swift */; };
		19A59503292D0FDE00273BEE /* SceneDelegate.swift in Sources */ = {isa = PBXBuildFile; fileRef = 19A59502292D0FDE00273BEE /* SceneDelegate.swift */; };
		19A59505292D0FDE00273BEE /* ViewController.swift in Sources */ = {isa = PBXBuildFile; fileRef = 19A59504292D0FDE00273BEE /* ViewController.swift */; };
		19A59508292D0FDE00273BEE /* Main.storyboard in Resources */ = {isa = PBXBuildFile; fileRef = 19A59506292D0FDE00273BEE /* Main.storyboard */; };
		19A5950B292D0FDE00273BEE /* TugasUI.xcdatamodeld in Sources */ = {isa = PBXBuildFile; fileRef = 19A59509292D0FDE00273BEE /* TugasUI.xcdatamodeld */; };
		19A5950D292D0FE500273BEE /* Assets.xcassets in Resources */ = {isa = PBXBuildFile; fileRef = 19A5950C292D0FE500273BEE /* Assets.xcassets */; };
		19A59510292D0FE500273BEE /* LaunchScreen.storyboard in Resources */ = {isa = PBXBuildFile; fileRef = 19A5950E292D0FE500273BEE /* LaunchScreen.storyboard */; };
		19A5951B292D0FE600273BEE /* TugasUITests.swift in Sources */ = {isa = PBXBuildFile; fileRef = 19A5951A292D0FE600273BEE /* TugasUITests.swift */; };
		19A59525292D0FE600273BEE /* TugasUIUITests.swift in Sources */ = {isa = PBXBuildFile; fileRef = 19A59524292D0FE600273BEE /* TugasUIUITests.swift */; };
		19A59527292D0FE600273BEE /* TugasUIUITestsLaunchTests.swift in Sources */ = {isa = PBXBuildFile; fileRef = 19A59526292D0FE600273BEE /* TugasUIUITestsLaunchTests.swift */; };
		19CD8AE2294860A900ABF4BC /* Main 2.storyboard in Resources */ = {isa = PBXBuildFile; fileRef = 19CD8AE1294860A800ABF4BC /* Main 2.storyboard */; };
		19D7FA432930CD7C0067FBAC /* Lato-Bold.ttf in Resources */ = {isa = PBXBuildFile; fileRef = 19D7FA412930CD7C0067FBAC /* Lato-Bold.ttf */; };
		19D7FA442930CD7C0067FBAC /* Lato-Bold.ttf in Resources */ = {isa = PBXBuildFile; fileRef = 19D7FA412930CD7C0067FBAC /* Lato-Bold.ttf */; };
		19D7FA452930CD7C0067FBAC /* Lato-Bold.ttf in Resources */ = {isa = PBXBuildFile; fileRef = 19D7FA412930CD7C0067FBAC /* Lato-Bold.ttf */; };
		19D7FA462930CD7C0067FBAC /* Lato-Regular.ttf in Resources */ = {isa = PBXBuildFile; fileRef = 19D7FA422930CD7C0067FBAC /* Lato-Regular.ttf */; };
		19D7FA472930CD7C0067FBAC /* Lato-Regular.ttf in Resources */ = {isa = PBXBuildFile; fileRef = 19D7FA422930CD7C0067FBAC /* Lato-Regular.ttf */; };
		19D7FA482930CD7C0067FBAC /* Lato-Regular.ttf in Resources */ = {isa = PBXBuildFile; fileRef = 19D7FA422930CD7C0067FBAC /* Lato-Regular.ttf */; };
/* End PBXBuildFile section */

/* Begin PBXContainerItemProxy section */
		19A59517292D0FE600273BEE /* PBXContainerItemProxy */ = {
			isa = PBXContainerItemProxy;
			containerPortal = 19A594F5292D0FDE00273BEE /* Project object */;
			proxyType = 1;
			remoteGlobalIDString = 19A594FC292D0FDE00273BEE;
			remoteInfo = TugasUI;
		};
		19A59521292D0FE600273BEE /* PBXContainerItemProxy */ = {
			isa = PBXContainerItemProxy;
			containerPortal = 19A594F5292D0FDE00273BEE /* Project object */;
			proxyType = 1;
			remoteGlobalIDString = 19A594FC292D0FDE00273BEE;
			remoteInfo = TugasUI;
		};
/* End PBXContainerItemProxy section */

/* Begin PBXFileReference section */
		19A594FD292D0FDE00273BEE /* TugasUI.app */ = {isa = PBXFileReference; explicitFileType = wrapper.application; includeInIndex = 0; path = TugasUI.app; sourceTree = BUILT_PRODUCTS_DIR; };
		19A59500292D0FDE00273BEE /* AppDelegate.swift */ = {isa = PBXFileReference; lastKnownFileType = sourcecode.swift; path = AppDelegate.swift; sourceTree = "<group>"; };
		19A59502292D0FDE00273BEE /* SceneDelegate.swift */ = {isa = PBXFileReference; lastKnownFileType = sourcecode.swift; path = SceneDelegate.swift; sourceTree = "<group>"; };
		19A59504292D0FDE00273BEE /* ViewController.swift */ = {isa = PBXFileReference; lastKnownFileType = sourcecode.swift; path = ViewController.swift; sourceTree = "<group>"; };
		19A59507292D0FDE00273BEE /* Base */ = {isa = PBXFileReference; lastKnownFileType = file.storyboard; name = Base; path = Base.lproj/Main.storyboard; sourceTree = "<group>"; };
		19A5950A292D0FDE00273BEE /* TugasUI.xcdatamodel */ = {isa = PBXFileReference; lastKnownFileType = wrapper.xcdatamodel; path = TugasUI.xcdatamodel; sourceTree = "<group>"; };
		19A5950C292D0FE500273BEE /* Assets.xcassets */ = {isa = PBXFileReference; lastKnownFileType = folder.assetcatalog; path = Assets.xcassets; sourceTree = "<group>"; };
		19A5950F292D0FE500273BEE /* Base */ = {isa = PBXFileReference; lastKnownFileType = file.storyboard; name = Base; path = Base.lproj/LaunchScreen.storyboard; sourceTree = "<group>"; };
		19A59511292D0FE500273BEE /* Info.plist */ = {isa = PBXFileReference; lastKnownFileType = text.plist.xml; path = Info.plist; sourceTree = "<group>"; };
		19A59516292D0FE600273BEE /* TugasUITests.xctest */ = {isa = PBXFileReference; explicitFileType = wrapper.cfbundle; includeInIndex = 0; path = TugasUITests.xctest; sourceTree = BUILT_PRODUCTS_DIR; };
		19A5951A292D0FE600273BEE /* TugasUITests.swift */ = {isa = PBXFileReference; lastKnownFileType = sourcecode.swift; path = TugasUITests.swift; sourceTree = "<group>"; };
		19A59520292D0FE600273BEE /* TugasUIUITests.xctest */ = {isa = PBXFileReference; explicitFileType = wrapper.cfbundle; includeInIndex = 0; path = TugasUIUITests.xctest; sourceTree = BUILT_PRODUCTS_DIR; };
		19A59524292D0FE600273BEE /* TugasUIUITests.swift */ = {isa = PBXFileReference; lastKnownFileType = sourcecode.swift; path = TugasUIUITests.swift; sourceTree = "<group>"; };
		19A59526292D0FE600273BEE /* TugasUIUITestsLaunchTests.swift */ = {isa = PBXFileReference; lastKnownFileType = sourcecode.swift; path = TugasUIUITestsLaunchTests.swift; sourceTree = "<group>"; };
		19CD8AE1294860A800ABF4BC /* Main 2.storyboard */ = {isa = PBXFileReference; lastKnownFileType = file.storyboard; path = "Main 2.storyboard"; sourceTree = "<group>"; };
		19D7FA412930CD7C0067FBAC /* Lato-Bold.ttf */ = {isa = PBXFileReference; lastKnownFileType = file; path = "Lato-Bold.ttf"; sourceTree = "<group>"; };
		19D7FA422930CD7C0067FBAC /* Lato-Regular.ttf */ = {isa = PBXFileReference; lastKnownFileType = file; path = "Lato-Regular.ttf"; sourceTree = "<group>"; };
/* End PBXFileReference section */

/* Begin PBXFrameworksBuildPhase section */
		19A594FA292D0FDE00273BEE /* Frameworks */ = {
			isa = PBXFrameworksBuildPhase;
			buildActionMask = 2147483647;
			files = (
			);
			runOnlyForDeploymentPostprocessing = 0;
		};
		19A59513292D0FE600273BEE /* Frameworks */ = {
			isa = PBXFrameworksBuildPhase;
			buildActionMask = 2147483647;
			files = (
			);
			runOnlyForDeploymentPostprocessing = 0;
		};
		19A5951D292D0FE600273BEE /* Frameworks */ = {
			isa = PBXFrameworksBuildPhase;
			buildActionMask = 2147483647;
			files = (
			);
			runOnlyForDeploymentPostprocessing = 0;
		};
/* End PBXFrameworksBuildPhase section */

/* Begin PBXGroup section */
		19A594F4292D0FDE00273BEE = {
			isa = PBXGroup;
			children = (
				19A594FF292D0FDE00273BEE /* TugasUI */,
				19A59519292D0FE600273BEE /* TugasUITests */,
				19A59523292D0FE600273BEE /* TugasUIUITests */,
				19A594FE292D0FDE00273BEE /* Products */,
			);
			sourceTree = "<group>";
		};
		19A594FE292D0FDE00273BEE /* Products */ = {
			isa = PBXGroup;
			children = (
				19A594FD292D0FDE00273BEE /* TugasUI.app */,
				19A59516292D0FE600273BEE /* TugasUITests.xctest */,
				19A59520292D0FE600273BEE /* TugasUIUITests.xctest */,
			);
			name = Products;
			sourceTree = "<group>";
		};
		19A594FF292D0FDE00273BEE /* TugasUI */ = {
			isa = PBXGroup;
			children = (
				19D7FA402930CCFB0067FBAC /* font */,
				19A59500292D0FDE00273BEE /* AppDelegate.swift */,
				19A59502292D0FDE00273BEE /* SceneDelegate.swift */,
				19A59504292D0FDE00273BEE /* ViewController.swift */,
				19A59506292D0FDE00273BEE /* Main.storyboard */,
				19A5950C292D0FE500273BEE /* Assets.xcassets */,
				19A5950E292D0FE500273BEE /* LaunchScreen.storyboard */,
				19A59511292D0FE500273BEE /* Info.plist */,
				19A59509292D0FDE00273BEE /* TugasUI.xcdatamodeld */,
				19CD8AE1294860A800ABF4BC /* Main 2.storyboard */,
			);
			path = TugasUI;
			sourceTree = "<group>";
		};
		19A59519292D0FE600273BEE /* TugasUITests */ = {
			isa = PBXGroup;
			children = (
				19A5951A292D0FE600273BEE /* TugasUITests.swift */,
			);
			path = TugasUITests;
			sourceTree = "<group>";
		};
		19A59523292D0FE600273BEE /* TugasUIUITests */ = {
			isa = PBXGroup;
			children = (
				19A59524292D0FE600273BEE /* TugasUIUITests.swift */,
				19A59526292D0FE600273BEE /* TugasUIUITestsLaunchTests.swift */,
			);
			path = TugasUIUITests;
			sourceTree = "<group>";
		};
		19D7FA402930CCFB0067FBAC /* font */ = {
			isa = PBXGroup;
			children = (
				19D7FA412930CD7C0067FBAC /* Lato-Bold.ttf */,
				19D7FA422930CD7C0067FBAC /* Lato-Regular.ttf */,
			);
			path = font;
			sourceTree = "<group>";
		};
/* End PBXGroup section */

/* Begin PBXNativeTarget section */
		19A594FC292D0FDE00273BEE /* TugasUI */ = {
			isa = PBXNativeTarget;
			buildConfigurationList = 19A5952A292D0FE600273BEE /* Build configuration list for PBXNativeTarget "TugasUI" */;
			buildPhases = (
				19A594F9292D0FDE00273BEE /* Sources */,
				19A594FA292D0FDE00273BEE /* Frameworks */,
				19A594FB292D0FDE00273BEE /* Resources */,
			);
			buildRules = (
			);
			dependencies = (
			);
			name = TugasUI;
			productName = TugasUI;
			productReference = 19A594FD292D0FDE00273BEE /* TugasUI.app */;
			productType = "com.apple.product-type.application";
		};
		19A59515292D0FE600273BEE /* TugasUITests */ = {
			isa = PBXNativeTarget;
			buildConfigurationList = 19A5952D292D0FE600273BEE /* Build configuration list for PBXNativeTarget "TugasUITests" */;
			buildPhases = (
				19A59512292D0FE600273BEE /* Sources */,
				19A59513292D0FE600273BEE /* Frameworks */,
				19A59514292D0FE600273BEE /* Resources */,
			);
			buildRules = (
			);
			dependencies = (
				19A59518292D0FE600273BEE /* PBXTargetDependency */,
			);
			name = TugasUITests;
			productName = TugasUITests;
			productReference = 19A59516292D0FE600273BEE /* TugasUITests.xctest */;
			productType = "com.apple.product-type.bundle.unit-test";
		};
		19A5951F292D0FE600273BEE /* TugasUIUITests */ = {
			isa = PBXNativeTarget;
			buildConfigurationList = 19A59530292D0FE600273BEE /* Build configuration list for PBXNativeTarget "TugasUIUITests" */;
			buildPhases = (
				19A5951C292D0FE600273BEE /* Sources */,
				19A5951D292D0FE600273BEE /* Frameworks */,
				19A5951E292D0FE600273BEE /* Resources */,
			);
			buildRules = (
			);
			dependencies = (
				19A59522292D0FE600273BEE /* PBXTargetDependency */,
			);
			name = TugasUIUITests;
			productName = TugasUIUITests;
			productReference = 19A59520292D0FE600273BEE /* TugasUIUITests.xctest */;
			productType = "com.apple.product-type.bundle.ui-testing";
		};
/* End PBXNativeTarget section */

/* Begin PBXProject section */
		19A594F5292D0FDE00273BEE /* Project object */ = {
			isa = PBXProject;
			attributes = {
				BuildIndependentTargetsInParallel = 1;
				LastSwiftUpdateCheck = 1400;
				LastUpgradeCheck = 1400;
				TargetAttributes = {
					19A594FC292D0FDE00273BEE = {
						CreatedOnToolsVersion = 14.0.1;
					};
					19A59515292D0FE600273BEE = {
						CreatedOnToolsVersion = 14.0.1;
						TestTargetID = 19A594FC292D0FDE00273BEE;
					};
					19A5951F292D0FE600273BEE = {
						CreatedOnToolsVersion = 14.0.1;
						TestTargetID = 19A594FC292D0FDE00273BEE;
					};
				};
			};
			buildConfigurationList = 19A594F8292D0FDE00273BEE /* Build configuration list for PBXProject "TugasUI" */;
			compatibilityVersion = "Xcode 14.0";
			developmentRegion = en;
			hasScannedForEncodings = 0;
			knownRegions = (
				en,
				Base,
			);
			mainGroup = 19A594F4292D0FDE00273BEE;
			productRefGroup = 19A594FE292D0FDE00273BEE /* Products */;
			projectDirPath = "";
			projectRoot = "";
			targets = (
				19A594FC292D0FDE00273BEE /* TugasUI */,
				19A59515292D0FE600273BEE /* TugasUITests */,
				19A5951F292D0FE600273BEE /* TugasUIUITests */,
			);
		};
/* End PBXProject section */

/* Begin PBXResourcesBuildPhase section */
		19A594FB292D0FDE00273BEE /* Resources */ = {
			isa = PBXResourcesBuildPhase;
			buildActionMask = 2147483647;
			files = (
				19A59510292D0FE500273BEE /* LaunchScreen.storyboard in Resources */,
				19A5950D292D0FE500273BEE /* Assets.xcassets in Resources */,
				19D7FA462930CD7C0067FBAC /* Lato-Regular.ttf in Resources */,
				19CD8AE2294860A900ABF4BC /* Main 2.storyboard in Resources */,
				19A59508292D0FDE00273BEE /* Main.storyboard in Resources */,
				19D7FA432930CD7C0067FBAC /* Lato-Bold.ttf in Resources */,
			);
			runOnlyForDeploymentPostprocessing = 0;
		};
		19A59514292D0FE600273BEE /* Resources */ = {
			isa = PBXResourcesBuildPhase;
			buildActionMask = 2147483647;
			files = (
				19D7FA442930CD7C0067FBAC /* Lato-Bold.ttf in Resources */,
				19D7FA472930CD7C0067FBAC /* Lato-Regular.ttf in Resources */,
			);
			runOnlyForDeploymentPostprocessing = 0;
		};
		19A5951E292D0FE600273BEE /* Resources */ = {
			isa = PBXResourcesBuildPhase;
			buildActionMask = 2147483647;
			files = (
				19D7FA452930CD7C0067FBAC /* Lato-Bold.ttf in Resources */,
				19D7FA482930CD7C0067FBAC /* Lato-Regular.ttf in Resources */,
			);
			runOnlyForDeploymentPostprocessing = 0;
		};
/* End PBXResourcesBuildPhase section */

/* Begin PBXSourcesBuildPhase section */
		19A594F9292D0FDE00273BEE /* Sources */ = {
			isa = PBXSourcesBuildPhase;
			buildActionMask = 2147483647;
			files = (
				19A59505292D0FDE00273BEE /* ViewController.swift in Sources */,
				19A59501292D0FDE00273BEE /* AppDelegate.swift in Sources */,
				19A5950B292D0FDE00273BEE /* TugasUI.xcdatamodeld in Sources */,
				19A59503292D0FDE00273BEE /* SceneDelegate.swift in Sources */,
			);
			runOnlyForDeploymentPostprocessing = 0;
		};
		19A59512292D0FE600273BEE /* Sources */ = {
			isa = PBXSourcesBuildPhase;
			buildActionMask = 2147483647;
			files = (
				19A5951B292D0FE600273BEE /* TugasUITests.swift in Sources */,
			);
			runOnlyForDeploymentPostprocessing = 0;
		};
		19A5951C292D0FE600273BEE /* Sources */ = {
			isa = PBXSourcesBuildPhase;
			buildActionMask = 2147483647;
			files = (
				19A59525292D0FE600273BEE /* TugasUIUITests.swift in Sources */,
				19A59527292D0FE600273BEE /* TugasUIUITestsLaunchTests.swift in Sources */,
			);
			runOnlyForDeploymentPostprocessing = 0;
		};
/* End PBXSourcesBuildPhase section */

/* Begin PBXTargetDependency section */
		19A59518292D0FE600273BEE /* PBXTargetDependency */ = {
			isa = PBXTargetDependency;
			target = 19A594FC292D0FDE00273BEE /* TugasUI */;
			targetProxy = 19A59517292D0FE600273BEE /* PBXContainerItemProxy */;
		};
		19A59522292D0FE600273BEE /* PBXTargetDependency */ = {
			isa = PBXTargetDependency;
			target = 19A594FC292D0FDE00273BEE /* TugasUI */;
			targetProxy = 19A59521292D0FE600273BEE /* PBXContainerItemProxy */;
		};
/* End PBXTargetDependency section */

/* Begin PBXVariantGroup section */
		19A59506292D0FDE00273BEE /* Main.storyboard */ = {
			isa = PBXVariantGroup;
			children = (
				19A59507292D0FDE00273BEE /* Base */,
			);
			name = Main.storyboard;
			sourceTree = "<group>";
		};
		19A5950E292D0FE500273BEE /* LaunchScreen.storyboard */ = {
			isa = PBXVariantGroup;
			children = (
				19A5950F292D0FE500273BEE /* Base */,
			);
			name = LaunchScreen.storyboard;
			sourceTree = "<group>";
		};
/* End PBXVariantGroup section */

/* Begin XCBuildConfiguration section */
		19A59528292D0FE600273BEE /* Debug */ = {
			isa = XCBuildConfiguration;
			buildSettings = {
				ALWAYS_SEARCH_USER_PATHS = NO;
				CLANG_ANALYZER_NONNULL = YES;
				CLANG_ANALYZER_NUMBER_OBJECT_CONVERSION = YES_AGGRESSIVE;
				CLANG_CXX_LANGUAGE_STANDARD = "gnu++20";
				CLANG_ENABLE_MODULES = YES;
				CLANG_ENABLE_OBJC_ARC = YES;
				CLANG_ENABLE_OBJC_WEAK = YES;
				CLANG_WARN_BLOCK_CAPTURE_AUTORELEASING = YES;
				CLANG_WARN_BOOL_CONVERSION = YES;
				CLANG_WARN_COMMA = YES;
				CLANG_WARN_CONSTANT_CONVERSION = YES;
				CLANG_WARN_DEPRECATED_OBJC_IMPLEMENTATIONS = YES;
				CLANG_WARN_DIRECT_OBJC_ISA_USAGE = YES_ERROR;
				CLANG_WARN_DOCUMENTATION_COMMENTS = YES;
				CLANG_WARN_EMPTY_BODY = YES;
				CLANG_WARN_ENUM_CONVERSION = YES;
				CLANG_WARN_INFINITE_RECURSION = YES;
				CLANG_WARN_INT_CONVERSION = YES;
				CLANG_WARN_NON_LITERAL_NULL_CONVERSION = YES;
				CLANG_WARN_OBJC_IMPLICIT_RETAIN_SELF = YES;
				CLANG_WARN_OBJC_LITERAL_CONVERSION = YES;
				CLANG_WARN_OBJC_ROOT_CLASS = YES_ERROR;
				CLANG_WARN_QUOTED_INCLUDE_IN_FRAMEWORK_HEADER = YES;
				CLANG_WARN_RANGE_LOOP_ANALYSIS = YES;
				CLANG_WARN_STRICT_PROTOTYPES = YES;
				CLANG_WARN_SUSPICIOUS_MOVE = YES;
				CLANG_WARN_UNGUARDED_AVAILABILITY = YES_AGGRESSIVE;
				CLANG_WARN_UNREACHABLE_CODE = YES;
				CLANG_WARN__DUPLICATE_METHOD_MATCH = YES;
				COPY_PHASE_STRIP = NO;
				DEBUG_INFORMATION_FORMAT = dwarf;
				ENABLE_STRICT_OBJC_MSGSEND = YES;
				ENABLE_TESTABILITY = YES;
				GCC_C_LANGUAGE_STANDARD = gnu11;
				GCC_DYNAMIC_NO_PIC = NO;
				GCC_NO_COMMON_BLOCKS = YES;
				GCC_OPTIMIZATION_LEVEL = 0;
				GCC_PREPROCESSOR_DEFINITIONS = (
					"DEBUG=1",
					"$(inherited)",
				);
				GCC_WARN_64_TO_32_BIT_CONVERSION = YES;
				GCC_WARN_ABOUT_RETURN_TYPE = YES_ERROR;
				GCC_WARN_UNDECLARED_SELECTOR = YES;
				GCC_WARN_UNINITIALIZED_AUTOS = YES_AGGRESSIVE;
				GCC_WARN_UNUSED_FUNCTION = YES;
				GCC_WARN_UNUSED_VARIABLE = YES;
				IPHONEOS_DEPLOYMENT_TARGET = 16.0;
				MTL_ENABLE_DEBUG_INFO = INCLUDE_SOURCE;
				MTL_FAST_MATH = YES;
				ONLY_ACTIVE_ARCH = YES;
				SDKROOT = iphoneos;
				SWIFT_ACTIVE_COMPILATION_CONDITIONS = DEBUG;
				SWIFT_OPTIMIZATION_LEVEL = "-Onone";
			};
			name = Debug;
		};
		19A59529292D0FE600273BEE /* Release */ = {
			isa = XCBuildConfiguration;
			buildSettings = {
				ALWAYS_SEARCH_USER_PATHS = NO;
				CLANG_ANALYZER_NONNULL = YES;
				CLANG_ANALYZER_NUMBER_OBJECT_CONVERSION = YES_AGGRESSIVE;
				CLANG_CXX_LANGUAGE_STANDARD = "gnu++20";
				CLANG_ENABLE_MODULES = YES;
				CLANG_ENABLE_OBJC_ARC = YES;
				CLANG_ENABLE_OBJC_WEAK = YES;
				CLANG_WARN_BLOCK_CAPTURE_AUTORELEASING = YES;
				CLANG_WARN_BOOL_CONVERSION = YES;
				CLANG_WARN_COMMA = YES;
				CLANG_WARN_CONSTANT_CONVERSION = YES;
				CLANG_WARN_DEPRECATED_OBJC_IMPLEMENTATIONS = YES;
				CLANG_WARN_DIRECT_OBJC_ISA_USAGE = YES_ERROR;
				CLANG_WARN_DOCUMENTATION_COMMENTS = YES;
				CLANG_WARN_EMPTY_BODY = YES;
				CLANG_WARN_ENUM_CONVERSION = YES;
				CLANG_WARN_INFINITE_RECURSION = YES;
				CLANG_WARN_INT_CONVERSION = YES;
				CLANG_WARN_NON_LITERAL_NULL_CONVERSION = YES;
				CLANG_WARN_OBJC_IMPLICIT_RETAIN_SELF = YES;
				CLANG_WARN_OBJC_LITERAL_CONVERSION = YES;
				CLANG_WARN_OBJC_ROOT_CLASS = YES_ERROR;
				CLANG_WARN_QUOTED_INCLUDE_IN_FRAMEWORK_HEADER = YES;
				CLANG_WARN_RANGE_LOOP_ANALYSIS = YES;
				CLANG_WARN_STRICT_PROTOTYPES = YES;
				CLANG_WARN_SUSPICIOUS_MOVE = YES;
				CLANG_WARN_UNGUARDED_AVAILABILITY = YES_AGGRESSIVE;
				CLANG_WARN_UNREACHABLE_CODE = YES;
				CLANG_WARN__DUPLICATE_METHOD_MATCH = YES;
				COPY_PHASE_STRIP = NO;
				DEBUG_INFORMATION_FORMAT = "dwarf-with-dsym";
				ENABLE_NS_ASSERTIONS = NO;
				ENABLE_STRICT_OBJC_MSGSEND = YES;
				GCC_C_LANGUAGE_STANDARD = gnu11;
				GCC_NO_COMMON_BLOCKS = YES;
				GCC_WARN_64_TO_32_BIT_CONVERSION = YES;
				GCC_WARN_ABOUT_RETURN_TYPE = YES_ERROR;
				GCC_WARN_UNDECLARED_SELECTOR = YES;
				GCC_WARN_UNINITIALIZED_AUTOS = YES_AGGRESSIVE;
				GCC_WARN_UNUSED_FUNCTION = YES;
				GCC_WARN_UNUSED_VARIABLE = YES;
				IPHONEOS_DEPLOYMENT_TARGET = 16.0;
				MTL_ENABLE_DEBUG_INFO = NO;
				MTL_FAST_MATH = YES;
				SDKROOT = iphoneos;
				SWIFT_COMPILATION_MODE = wholemodule;
				SWIFT_OPTIMIZATION_LEVEL = "-O";
				VALIDATE_PRODUCT = YES;
			};
			name = Release;
		};
		19A5952B292D0FE600273BEE /* Debug */ = {
			isa = XCBuildConfiguration;
			buildSettings = {
				ASSETCATALOG_COMPILER_APPICON_NAME = AppIcon;
				ASSETCATALOG_COMPILER_GLOBAL_ACCENT_COLOR_NAME = AccentColor;
				CODE_SIGN_IDENTITY = "Apple Development";
				CODE_SIGN_STYLE = Automatic;
				CURRENT_PROJECT_VERSION = 1;
				DEVELOPMENT_TEAM = R8CS9M3L4Q;
				GENERATE_INFOPLIST_FILE = YES;
				INFOPLIST_FILE = TugasUI/Info.plist;
				INFOPLIST_KEY_UIApplicationSupportsIndirectInputEvents = YES;
				INFOPLIST_KEY_UILaunchStoryboardName = LaunchScreen;
				INFOPLIST_KEY_UIMainStoryboardFile = Main;
				INFOPLIST_KEY_UISupportedInterfaceOrientations_iPad = "UIInterfaceOrientationPortrait UIInterfaceOrientationPortraitUpsideDown UIInterfaceOrientationLandscapeLeft UIInterfaceOrientationLandscapeRight";
				INFOPLIST_KEY_UISupportedInterfaceOrientations_iPhone = "UIInterfaceOrientationPortrait UIInterfaceOrientationLandscapeLeft UIInterfaceOrientationLandscapeRight";
				LD_RUNPATH_SEARCH_PATHS = (
					"$(inherited)",
					"@executable_path/Frameworks",
				);
				MARKETING_VERSION = 1.0;
				PRODUCT_BUNDLE_IDENTIFIER = tyas.TugasUI;
				PRODUCT_NAME = "$(TARGET_NAME)";
				PROVISIONING_PROFILE_SPECIFIER = "";
				SUPPORTED_PLATFORMS = "iphoneos iphonesimulator";
				SUPPORTS_MACCATALYST = NO;
				SUPPORTS_MAC_DESIGNED_FOR_IPHONE_IPAD = NO;
				SWIFT_EMIT_LOC_STRINGS = YES;
				SWIFT_VERSION = 5.0;
				TARGETED_DEVICE_FAMILY = 1;
			};
			name = Debug;
		};
		19A5952C292D0FE600273BEE /* Release */ = {
			isa = XCBuildConfiguration;
			buildSettings = {
				ASSETCATALOG_COMPILER_APPICON_NAME = AppIcon;
				ASSETCATALOG_COMPILER_GLOBAL_ACCENT_COLOR_NAME = AccentColor;
				CODE_SIGN_IDENTITY = "Apple Development";
				CODE_SIGN_STYLE = Automatic;
				CURRENT_PROJECT_VERSION = 1;
				DEVELOPMENT_TEAM = R8CS9M3L4Q;
				GENERATE_INFOPLIST_FILE = YES;
				INFOPLIST_FILE = TugasUI/Info.plist;
				INFOPLIST_KEY_UIApplicationSupportsIndirectInputEvents = YES;
				INFOPLIST_KEY_UILaunchStoryboardName = LaunchScreen;
				INFOPLIST_KEY_UIMainStoryboardFile = Main;
				INFOPLIST_KEY_UISupportedInterfaceOrientations_iPad = "UIInterfaceOrientationPortrait UIInterfaceOrientationPortraitUpsideDown UIInterfaceOrientationLandscapeLeft UIInterfaceOrientationLandscapeRight";
				INFOPLIST_KEY_UISupportedInterfaceOrientations_iPhone = "UIInterfaceOrientationPortrait UIInterfaceOrientationLandscapeLeft UIInterfaceOrientationLandscapeRight";
				LD_RUNPATH_SEARCH_PATHS = (
					"$(inherited)",
					"@executable_path/Frameworks",
				);
				MARKETING_VERSION = 1.0;
				PRODUCT_BUNDLE_IDENTIFIER = tyas.TugasUI;
				PRODUCT_NAME = "$(TARGET_NAME)";
				PROVISIONING_PROFILE_SPECIFIER = "";
				SUPPORTED_PLATFORMS = "iphoneos iphonesimulator";
				SUPPORTS_MACCATALYST = NO;
				SUPPORTS_MAC_DESIGNED_FOR_IPHONE_IPAD = NO;
				SWIFT_EMIT_LOC_STRINGS = YES;
				SWIFT_VERSION = 5.0;
				TARGETED_DEVICE_FAMILY = 1;
			};
			name = Release;
		};
		19A5952E292D0FE600273BEE /* Debug */ = {
			isa = XCBuildConfiguration;
			buildSettings = {
				ALWAYS_EMBED_SWIFT_STANDARD_LIBRARIES = YES;
				BUNDLE_LOADER = "$(TEST_HOST)";
				CODE_SIGN_STYLE = Automatic;
				CURRENT_PROJECT_VERSION = 1;
				GENERATE_INFOPLIST_FILE = YES;
				IPHONEOS_DEPLOYMENT_TARGET = 16.0;
				MARKETING_VERSION = 1.0;
				PRODUCT_BUNDLE_IDENTIFIER = tyas.TugasUITests;
				PRODUCT_NAME = "$(TARGET_NAME)";
				SWIFT_EMIT_LOC_STRINGS = NO;
				SWIFT_VERSION = 5.0;
				TARGETED_DEVICE_FAMILY = "1,2";
				TEST_HOST = "$(BUILT_PRODUCTS_DIR)/TugasUI.app/$(BUNDLE_EXECUTABLE_FOLDER_PATH)/TugasUI";
			};
			name = Debug;
		};
		19A5952F292D0FE600273BEE /* Release */ = {
			isa = XCBuildConfiguration;
			buildSettings = {
				ALWAYS_EMBED_SWIFT_STANDARD_LIBRARIES = YES;
				BUNDLE_LOADER = "$(TEST_HOST)";
				CODE_SIGN_STYLE = Automatic;
				CURRENT_PROJECT_VERSION = 1;
				GENERATE_INFOPLIST_FILE = YES;
				IPHONEOS_DEPLOYMENT_TARGET = 16.0;
				MARKETING_VERSION = 1.0;
				PRODUCT_BUNDLE_IDENTIFIER = tyas.TugasUITests;
				PRODUCT_NAME = "$(TARGET_NAME)";
				SWIFT_EMIT_LOC_STRINGS = NO;
				SWIFT_VERSION = 5.0;
				TARGETED_DEVICE_FAMILY = "1,2";
				TEST_HOST = "$(BUILT_PRODUCTS_DIR)/TugasUI.app/$(BUNDLE_EXECUTABLE_FOLDER_PATH)/TugasUI";
			};
			name = Release;
		};
		19A59531292D0FE600273BEE /* Debug */ = {
			isa = XCBuildConfiguration;
			buildSettings = {
				ALWAYS_EMBED_SWIFT_STANDARD_LIBRARIES = YES;
				CODE_SIGN_STYLE = Automatic;
				CURRENT_PROJECT_VERSION = 1;
				GENERATE_INFOPLIST_FILE = YES;
				MARKETING_VERSION = 1.0;
				PRODUCT_BUNDLE_IDENTIFIER = tyas.TugasUIUITests;
				PRODUCT_NAME = "$(TARGET_NAME)";
				SWIFT_EMIT_LOC_STRINGS = NO;
				SWIFT_VERSION = 5.0;
				TARGETED_DEVICE_FAMILY = "1,2";
				TEST_TARGET_NAME = TugasUI;
			};
			name = Debug;
		};
		19A59532292D0FE600273BEE /* Release */ = {
			isa = XCBuildConfiguration;
			buildSettings = {
				ALWAYS_EMBED_SWIFT_STANDARD_LIBRARIES = YES;
				CODE_SIGN_STYLE = Automatic;
				CURRENT_PROJECT_VERSION = 1;
				GENERATE_INFOPLIST_FILE = YES;
				MARKETING_VERSION = 1.0;
				PRODUCT_BUNDLE_IDENTIFIER = tyas.TugasUIUITests;
				PRODUCT_NAME = "$(TARGET_NAME)";
				SWIFT_EMIT_LOC_STRINGS = NO;
				SWIFT_VERSION = 5.0;
				TARGETED_DEVICE_FAMILY = "1,2";
				TEST_TARGET_NAME = TugasUI;
			};
			name = Release;
		};
/* End XCBuildConfiguration section */

/* Begin XCConfigurationList section */
		19A594F8292D0FDE00273BEE /* Build configuration list for PBXProject "TugasUI" */ = {
			isa = XCConfigurationList;
			buildConfigurations = (
				19A59528292D0FE600273BEE /* Debug */,
				19A59529292D0FE600273BEE /* Release */,
			);
			defaultConfigurationIsVisible = 0;
			defaultConfigurationName = Release;
		};
		19A5952A292D0FE600273BEE /* Build configuration list for PBXNativeTarget "TugasUI" */ = {
			isa = XCConfigurationList;
			buildConfigurations = (
				19A5952B292D0FE600273BEE /* Debug */,
				19A5952C292D0FE600273BEE /* Release */,
			);
			defaultConfigurationIsVisible = 0;
			defaultConfigurationName = Release;
		};
		19A5952D292D0FE600273BEE /* Build configuration list for PBXNativeTarget "TugasUITests" */ = {
			isa = XCConfigurationList;
			buildConfigurations = (
				19A5952E292D0FE600273BEE /* Debug */,
				19A5952F292D0FE600273BEE /* Release */,
			);
			defaultConfigurationIsVisible = 0;
			defaultConfigurationName = Release;
		};
		19A59530292D0FE600273BEE /* Build configuration list for PBXNativeTarget "TugasUIUITests" */ = {
			isa = XCConfigurationList;
			buildConfigurations = (
				19A59531292D0FE600273BEE /* Debug */,
				19A59532292D0FE600273BEE /* Release */,
			);
			defaultConfigurationIsVisible = 0;
			defaultConfigurationName = Release;
		};
/* End XCConfigurationList section */

/* Begin XCVersionGroup section */
		19A59509292D0FDE00273BEE /* TugasUI.xcdatamodeld */ = {
			isa = XCVersionGroup;
			children = (
				19A5950A292D0FDE00273BEE /* TugasUI.xcdatamodel */,
			);
			currentVersion = 19A5950A292D0FDE00273BEE /* TugasUI.xcdatamodel */;
			path = TugasUI.xcdatamodeld;
			sourceTree = "<group>";
			versionGroupType = wrapper.xcdatamodel;
		};
/* End XCVersionGroup section */
	};
	rootObject = 19A594F5292D0FDE00273BEE /* Project object */;
}
